
Microsoft Visual Studio Solution File, Format Version 12.00
# Visual Studio 2012
Project("{F184B08F-C81C-45F6-A57F-5ABD9991F28F}") = "SLANG", "SLANG\SLANG.vbproj", "{DA1AB9B9-5E89-412E-BEED-94A935DFE324}"
EndProject
Project("{F184B08F-C81C-45F6-A57F-5ABD9991F28F}") = "SLANG_Tests", "SLANG_Tests\SLANG_Tests.vbproj", "{1B626FED-852E-4AFD-80A1-AA9CA5DC7F79}"
EndProject
Project("{F184B08F-C81C-45F6-A57F-5ABD9991F28F}") = "SLANG_Sample", "SLANG_Sample\SLANG_Sample.vbproj", "{75EFAAE4-372B-4645-85B5-CB877D60DD8B}"
EndProject
Global
	GlobalSection(SolutionConfigurationPlatforms) = preSolution
		Debug|Any CPU = Debug|Any CPU
		Release|Any CPU = Release|Any CPU
	EndGlobalSection
	GlobalSection(ProjectConfigurationPlatforms) = postSolution
		{DA1AB9B9-5E89-412E-BEED-94A935DFE324}.Debug|Any CPU.ActiveCfg = Debug|Any CPU
		{DA1AB9B9-5E89-412E-BEED-94A935DFE324}.Debug|Any CPU.Build.0 = Debug|Any CPU
		{DA1AB9B9-5E89-412E-BEED-94A935DFE324}.Release|Any CPU.ActiveCfg = Release|Any CPU
		{DA1AB9B9-5E89-412E-BEED-94A935DFE324}.Release|Any CPU.Build.0 = Release|Any CPU
		{1B626FED-852E-4AFD-80A1-AA9CA5DC7F79}.Debug|Any CPU.ActiveCfg = Debug|Any CPU
		{1B626FED-852E-4AFD-80A1-AA9CA5DC7F79}.Debug|Any CPU.Build.0 = Debug|Any CPU
		{1B626FED-852E-4AFD-80A1-AA9CA5DC7F79}.Release|Any CPU.ActiveCfg = Release|Any CPU
		{1B626FED-852E-4AFD-80A1-AA9CA5DC7F79}.Release|Any CPU.Build.0 = Release|Any CPU
		{75EFAAE4-372B-4645-85B5-CB877D60DD8B}.Debug|Any CPU.ActiveCfg = Debug|Any CPU
		{75EFAAE4-372B-4645-85B5-CB877D60DD8B}.Debug|Any CPU.Build.0 = Debug|Any CPU
		{75EFAAE4-372B-4645-85B5-CB877D60DD8B}.Release|Any CPU.ActiveCfg = Release|Any CPU
		{75EFAAE4-372B-4645-85B5-CB877D60DD8B}.Release|Any CPU.Build.0 = Release|Any CPU
	EndGlobalSection
	GlobalSection(SolutionProperties) = preSolution
		HideSolutionNode = FALSE
	EndGlobalSection
EndGlobal
